
Microsoft Visual Studio Solution File, Format Version 12.00
# Visual Studio Version 17
VisualStudioVersion = 17.5.33414.496
MinimumVisualStudioVersion = 10.0.40219.1
Project("{9A19103F-16F7-4668-BE54-9A1E7A4F7556}") = "BlazorEcommerce.Server", "Server\BlazorEcommerce.Server.csproj", "{DEADC752-5650-4457-9569-F7D4B913B708}"
EndProject
Project("{9A19103F-16F7-4668-BE54-9A1E7A4F7556}") = "BlazorEcommerce.Client", "Client\BlazorEcommerce.Client.csproj", "{0F3AD6D4-A3CB-48B0-8017-859E7D93DB1F}"
EndProject
Project("{9A19103F-16F7-4668-BE54-9A1E7A4F7556}") = "BlazorEcommerce.Shared", "Shared\BlazorEcommerce.Shared.csproj", "{7F95F5A9-4A9B-422F-98C3-8E55D7D40B8A}"
EndProject
Global
	GlobalSection(SolutionConfigurationPlatforms) = preSolution
		Debug|Any CPU = Debug|Any CPU
		Release|Any CPU = Release|Any CPU
	EndGlobalSection
	GlobalSection(ProjectConfigurationPlatforms) = postSolution
		{DEADC752-5650-4457-9569-F7D4B913B708}.Debug|Any CPU.ActiveCfg = Debug|Any CPU
		{DEADC752-5650-4457-9569-F7D4B913B708}.Debug|Any CPU.Build.0 = Debug|Any CPU
		{DEADC752-5650-4457-9569-F7D4B913B708}.Release|Any CPU.ActiveCfg = Release|Any CPU
		{DEADC752-5650-4457-9569-F7D4B913B708}.Release|Any CPU.Build.0 = Release|Any CPU
		{0F3AD6D4-A3CB-48B0-8017-859E7D93DB1F}.Debug|Any CPU.ActiveCfg = Debug|Any CPU
		{0F3AD6D4-A3CB-48B0-8017-859E7D93DB1F}.Debug|Any CPU.Build.0 = Debug|Any CPU
		{0F3AD6D4-A3CB-48B0-8017-859E7D93DB1F}.Release|Any CPU.ActiveCfg = Release|Any CPU
		{0F3AD6D4-A3CB-48B0-8017-859E7D93DB1F}.Release|Any CPU.Build.0 = Release|Any CPU
		{7F95F5A9-4A9B-422F-98C3-8E55D7D40B8A}.Debug|Any CPU.ActiveCfg = Debug|Any CPU
		{7F95F5A9-4A9B-422F-98C3-8E55D7D40B8A}.Debug|Any CPU.Build.0 = Debug|Any CPU
		{7F95F5A9-4A9B-422F-98C3-8E55D7D40B8A}.Release|Any CPU.ActiveCfg = Release|Any CPU
		{7F95F5A9-4A9B-422F-98C3-8E55D7D40B8A}.Release|Any CPU.Build.0 = Release|Any CPU
	EndGlobalSection
	GlobalSection(SolutionProperties) = preSolution
		HideSolutionNode = FALSE
	EndGlobalSection
	GlobalSection(ExtensibilityGlobals) = postSolution
		SolutionGuid = {20181685-71A8-43D7-8B91-B1DF6F5C4539}
	EndGlobalSection
EndGlobal
